# Code generated by scarb DO NOT EDIT.
version = 1

[[package]]
name = "contracts_v2"
version = "0.1.0"
dependencies = [
 "openzeppelin",
]

[[package]]
name = "openzeppelin"
version = "1.0.0"
source = "git+https://github.com/OpenZeppelin/cairo-contracts.git?tag=v1.0.0#755ce1adbf8d89ed23fbb8daa328fcbeab7c6424"
dependencies = [
 "openzeppelin_access",
 "openzeppelin_account",
 "openzeppelin_finance",
 "openzeppelin_governance",
 "openzeppelin_introspection",
 "openzeppelin_merkle_tree",
 "openzeppelin_presets",
 "openzeppelin_security",
 "openzeppelin_token",
 "openzeppelin_upgrades",
 "openzeppelin_utils",
]

[[package]]
name = "openzeppelin_access"
version = "1.0.0"
source = "git+https://github.com/OpenZeppelin/cairo-contracts.git?tag=v1.0.0#755ce1adbf8d89ed23fbb8daa328fcbeab7c6424"
dependencies = [
 "openzeppelin_introspection",
 "openzeppelin_utils",
]

[[package]]
name = "openzeppelin_account"
version = "1.0.0"
source = "git+https://github.com/OpenZeppelin/cairo-contracts.git?tag=v1.0.0#755ce1adbf8d89ed23fbb8daa328fcbeab7c6424"
dependencies = [
 "openzeppelin_introspection",
 "openzeppelin_utils",
]

[[package]]
name = "openzeppelin_finance"
version = "1.0.0"
source = "git+https://github.com/OpenZeppelin/cairo-contracts.git?tag=v1.0.0#755ce1adbf8d89ed23fbb8daa328fcbeab7c6424"
dependencies = [
 "openzeppelin_access",
 "openzeppelin_token",
]

[[package]]
name = "openzeppelin_governance"
version = "1.0.0"
source = "git+https://github.com/OpenZeppelin/cairo-contracts.git?tag=v1.0.0#755ce1adbf8d89ed23fbb8daa328fcbeab7c6424"
dependencies = [
 "openzeppelin_access",
 "openzeppelin_account",
 "openzeppelin_introspection",
 "openzeppelin_token",
 "openzeppelin_utils",
]

[[package]]
name = "openzeppelin_introspection"
version = "1.0.0"
source = "git+https://github.com/OpenZeppelin/cairo-contracts.git?tag=v1.0.0#755ce1adbf8d89ed23fbb8daa328fcbeab7c6424"

[[package]]
name = "openzeppelin_merkle_tree"
version = "1.0.0"
source = "git+https://github.com/OpenZeppelin/cairo-contracts.git?tag=v1.0.0#755ce1adbf8d89ed23fbb8daa328fcbeab7c6424"

[[package]]
name = "openzeppelin_presets"
version = "1.0.0"
source = "git+https://github.com/OpenZeppelin/cairo-contracts.git?tag=v1.0.0#755ce1adbf8d89ed23fbb8daa328fcbeab7c6424"
dependencies = [
 "openzeppelin_access",
 "openzeppelin_account",
 "openzeppelin_finance",
 "openzeppelin_introspection",
 "openzeppelin_token",
 "openzeppelin_upgrades",
 "openzeppelin_utils",
]

[[package]]
name = "openzeppelin_security"
version = "1.0.0"
source = "git+https://github.com/OpenZeppelin/cairo-contracts.git?tag=v1.0.0#755ce1adbf8d89ed23fbb8daa328fcbeab7c6424"

[[package]]
name = "openzeppelin_token"
version = "1.0.0"
source = "git+https://github.com/OpenZeppelin/cairo-contracts.git?tag=v1.0.0#755ce1adbf8d89ed23fbb8daa328fcbeab7c6424"
dependencies = [
 "openzeppelin_access",
 "openzeppelin_account",
 "openzeppelin_introspection",
 "openzeppelin_utils",
]

[[package]]
name = "openzeppelin_upgrades"
version = "1.0.0"
source = "git+https://github.com/OpenZeppelin/cairo-contracts.git?tag=v1.0.0#755ce1adbf8d89ed23fbb8daa328fcbeab7c6424"

[[package]]
name = "openzeppelin_utils"
version = "1.0.0"
source = "git+https://github.com/OpenZeppelin/cairo-contracts.git?tag=v1.0.0#755ce1adbf8d89ed23fbb8daa328fcbeab7c6424"
