# Code generated by scarb DO NOT EDIT.
version = 1

[[package]]
name = "contracts_v2"
version = "0.1.0"
dependencies = [
 "openzeppelin",
]

[[package]]
name = "openzeppelin"
version = "1.0.0"
source = "registry+https://scarbs.xyz/"
checksum = "sha256:320185f3e17cf9fafda88b1ce490f5eaed0bfcc273036b56cd22ce4fb8de628f"
dependencies = [
 "openzeppelin_access",
 "openzeppelin_account",
 "openzeppelin_finance",
 "openzeppelin_governance",
 "openzeppelin_introspection",
 "openzeppelin_merkle_tree",
 "openzeppelin_presets",
 "openzeppelin_security",
 "openzeppelin_token",
 "openzeppelin_upgrades",
 "openzeppelin_utils",
]

[[package]]
name = "openzeppelin_access"
version = "1.0.0"
source = "registry+https://scarbs.xyz/"
checksum = "sha256:a39a4ea1582916c637bf7e3aee0832c3fe1ea3a3e39191955e8dc39d08327f9b"
dependencies = [
 "openzeppelin_introspection",
 "openzeppelin_utils",
]

[[package]]
name = "openzeppelin_account"
version = "1.0.0"
source = "registry+https://scarbs.xyz/"
checksum = "sha256:7e943a2de32ddca4d48e467e52790e380ab1f49c4daddbbbc4634dd930d0243f"
dependencies = [
 "openzeppelin_introspection",
 "openzeppelin_utils",
]

[[package]]
name = "openzeppelin_finance"
version = "1.0.0"
source = "registry+https://scarbs.xyz/"
checksum = "sha256:9fa9e91d39b6ccdfa31eef32fdc087cd06c0269cc9c6b86e32d57f5a6997d98b"
dependencies = [
 "openzeppelin_access",
 "openzeppelin_token",
]

[[package]]
name = "openzeppelin_governance"
version = "1.0.0"
source = "registry+https://scarbs.xyz/"
checksum = "sha256:c05add2974b3193c3a5c022b9586a84cf98c5970cdb884dcf201c77dbe359f55"
dependencies = [
 "openzeppelin_access",
 "openzeppelin_account",
 "openzeppelin_introspection",
 "openzeppelin_token",
 "openzeppelin_utils",
]

[[package]]
name = "openzeppelin_introspection"
version = "1.0.0"
source = "registry+https://scarbs.xyz/"
checksum = "sha256:34e088ecf19e0b3012481a29f1fbb20e600540cb9a5db1c3002a97ebb7f5a32a"

[[package]]
name = "openzeppelin_merkle_tree"
version = "1.0.0"
source = "registry+https://scarbs.xyz/"
checksum = "sha256:a5341705514a3d9beeeb39cf11464111f7355be621639740d2c5006786aa63dc"

[[package]]
name = "openzeppelin_presets"
version = "1.0.0"
source = "registry+https://scarbs.xyz/"
checksum = "sha256:4eb098e2ee3ac0e67b6828115a7de62f781418beab767d4e80b54e176808369d"
dependencies = [
 "openzeppelin_access",
 "openzeppelin_account",
 "openzeppelin_finance",
 "openzeppelin_introspection",
 "openzeppelin_token",
 "openzeppelin_upgrades",
 "openzeppelin_utils",
]

[[package]]
name = "openzeppelin_security"
version = "1.0.0"
source = "registry+https://scarbs.xyz/"
checksum = "sha256:1deb811a239c4f9cc28fc302039e2ffcb19911698a8c612487207448d70d2e6e"

[[package]]
name = "openzeppelin_token"
version = "1.0.0"
source = "registry+https://scarbs.xyz/"
checksum = "sha256:33fcb84a1a76d2d3fff9302094ff564f78d45b743548fd7568c130b272473f66"
dependencies = [
 "openzeppelin_access",
 "openzeppelin_account",
 "openzeppelin_introspection",
 "openzeppelin_utils",
]

[[package]]
name = "openzeppelin_upgrades"
version = "1.0.0"
source = "registry+https://scarbs.xyz/"
checksum = "sha256:36f7a03e7e7111577916aacf31f88ad0053de20f33ee10b0ab3804849c3aa373"

[[package]]
name = "openzeppelin_utils"
version = "1.0.0"
source = "registry+https://scarbs.xyz/"
checksum = "sha256:fd348b31c4a4407add33adc3c2b8f26dca71dbd7431faaf726168f37a91db0c1"
